
Microsoft Visual Studio Solution File, Format Version 12.00
# Visual Studio 2013
VisualStudioVersion = 12.0.30501.0
MinimumVisualStudioVersion = 10.0.40219.1
Project("{FAE04EC0-301F-11D3-BF4B-00C04F79EFBC}") = "ConsoleApplication1", "ConsoleApplication1\ConsoleApplication1.csproj", "{86D34D43-189C-4002-8AD7-D76D7866CD9A}"
EndProject
Project("{FAE04EC0-301F-11D3-BF4B-00C04F79EFBC}") = "ConsoleApplication2", "ConsoleApplication2\ConsoleApplication2.csproj", "{295C9206-90D3-4262-8AF2-68AE91DE91B0}"
EndProject
Project("{FAE04EC0-301F-11D3-BF4B-00C04F79EFBC}") = "ConsoleApplication3", "ConsoleApplication3\ConsoleApplication3.csproj", "{B0A93915-CEDB-44BA-B3FF-980C1E6C8B89}"
EndProject
Project("{2150E333-8FDC-42A3-9474-1A3956D46DE8}") = "Solution Items", "Solution Items", "{28CF45C2-B417-424A-8149-A052FD38BCE1}"
	ProjectSection(SolutionItems) = preProject
		StyleCop\StyleCop 4.7\Settings.StyleCop = StyleCop\StyleCop 4.7\Settings.StyleCop
	EndProjectSection
EndProject
Global
	GlobalSection(SolutionConfigurationPlatforms) = preSolution
		Debug|Any CPU = Debug|Any CPU
		Release|Any CPU = Release|Any CPU
	EndGlobalSection
	GlobalSection(ProjectConfigurationPlatforms) = postSolution
		{86D34D43-189C-4002-8AD7-D76D7866CD9A}.Debug|Any CPU.ActiveCfg = Debug|Any CPU
		{86D34D43-189C-4002-8AD7-D76D7866CD9A}.Debug|Any CPU.Build.0 = Debug|Any CPU
		{86D34D43-189C-4002-8AD7-D76D7866CD9A}.Release|Any CPU.ActiveCfg = Release|Any CPU
		{86D34D43-189C-4002-8AD7-D76D7866CD9A}.Release|Any CPU.Build.0 = Release|Any CPU
		{295C9206-90D3-4262-8AF2-68AE91DE91B0}.Debug|Any CPU.ActiveCfg = Debug|Any CPU
		{295C9206-90D3-4262-8AF2-68AE91DE91B0}.Debug|Any CPU.Build.0 = Debug|Any CPU
		{295C9206-90D3-4262-8AF2-68AE91DE91B0}.Release|Any CPU.ActiveCfg = Release|Any CPU
		{295C9206-90D3-4262-8AF2-68AE91DE91B0}.Release|Any CPU.Build.0 = Release|Any CPU
		{B0A93915-CEDB-44BA-B3FF-980C1E6C8B89}.Debug|Any CPU.ActiveCfg = Debug|Any CPU
		{B0A93915-CEDB-44BA-B3FF-980C1E6C8B89}.Debug|Any CPU.Build.0 = Debug|Any CPU
		{B0A93915-CEDB-44BA-B3FF-980C1E6C8B89}.Release|Any CPU.ActiveCfg = Release|Any CPU
		{B0A93915-CEDB-44BA-B3FF-980C1E6C8B89}.Release|Any CPU.Build.0 = Release|Any CPU
	EndGlobalSection
	GlobalSection(SolutionProperties) = preSolution
		HideSolutionNode = FALSE
	EndGlobalSection
EndGlobal
